
Microsoft Visual Studio Solution File, Format Version 12.00
# Visual Studio Version 17
VisualStudioVersion = 17.7.34031.279
MinimumVisualStudioVersion = 10.0.40219.1
Project("{8BC9CEB8-8B4A-11D0-8D11-00A0C91BC942}") = "artillarycalculations", "artillarycalculations.vcxproj", "{926F8942-7958-4959-BFE6-42CC4C611A08}"
EndProject
Project("{2150E333-8FDC-42A3-9474-1A3956D46DE8}") = "Solution Items", "Solution Items", "{D87BAF9F-EEC2-4B08-ACD2-4AF6DAE81EFC}"
	ProjectSection(SolutionItems) = preProject
		angle.cpp = angle.cpp
		angle.h = angle.h
	EndProjectSection
EndProject
Global
	GlobalSection(SolutionConfigurationPlatforms) = preSolution
		Debug|x64 = Debug|x64
		Debug|x86 = Debug|x86
		Release|x64 = Release|x64
		Release|x86 = Release|x86
	EndGlobalSection
	GlobalSection(ProjectConfigurationPlatforms) = postSolution
		{926F8942-7958-4959-BFE6-42CC4C611A08}.Debug|x64.ActiveCfg = Debug|x64
		{926F8942-7958-4959-BFE6-42CC4C611A08}.Debug|x64.Build.0 = Debug|x64
		{926F8942-7958-4959-BFE6-42CC4C611A08}.Debug|x86.ActiveCfg = Debug|Win32
		{926F8942-7958-4959-BFE6-42CC4C611A08}.Debug|x86.Build.0 = Debug|Win32
		{926F8942-7958-4959-BFE6-42CC4C611A08}.Release|x64.ActiveCfg = Release|x64
		{926F8942-7958-4959-BFE6-42CC4C611A08}.Release|x64.Build.0 = Release|x64
		{926F8942-7958-4959-BFE6-42CC4C611A08}.Release|x86.ActiveCfg = Release|Win32
		{926F8942-7958-4959-BFE6-42CC4C611A08}.Release|x86.Build.0 = Release|Win32
	EndGlobalSection
	GlobalSection(SolutionProperties) = preSolution
		HideSolutionNode = FALSE
	EndGlobalSection
	GlobalSection(ExtensibilityGlobals) = postSolution
		SolutionGuid = {FF41DF05-8619-45B4-9E04-518867BD63D1}
	EndGlobalSection
EndGlobal
