
Microsoft Visual Studio Solution File, Format Version 12.00
# Visual Studio Version 17
VisualStudioVersion = 17.7.34031.279
MinimumVisualStudioVersion = 10.0.40219.1
Project("{8BC9CEB8-8B4A-11D0-8D11-00A0C91BC942}") = "BroHdesign", "BroHdesign.vcxproj", "{87E126E0-748C-4747-A217-0E594D62AB4D}"
EndProject
Global
	GlobalSection(SolutionConfigurationPlatforms) = preSolution
		Debug|x64 = Debug|x64
		Debug|x86 = Debug|x86
		Release|x64 = Release|x64
		Release|x86 = Release|x86
	EndGlobalSection
	GlobalSection(ProjectConfigurationPlatforms) = postSolution
		{87E126E0-748C-4747-A217-0E594D62AB4D}.Debug|x64.ActiveCfg = Debug|x64
		{87E126E0-748C-4747-A217-0E594D62AB4D}.Debug|x64.Build.0 = Debug|x64
		{87E126E0-748C-4747-A217-0E594D62AB4D}.Debug|x86.ActiveCfg = Debug|Win32
		{87E126E0-748C-4747-A217-0E594D62AB4D}.Debug|x86.Build.0 = Debug|Win32
		{87E126E0-748C-4747-A217-0E594D62AB4D}.Release|x64.ActiveCfg = Release|x64
		{87E126E0-748C-4747-A217-0E594D62AB4D}.Release|x64.Build.0 = Release|x64
		{87E126E0-748C-4747-A217-0E594D62AB4D}.Release|x86.ActiveCfg = Release|Win32
		{87E126E0-748C-4747-A217-0E594D62AB4D}.Release|x86.Build.0 = Release|Win32
	EndGlobalSection
	GlobalSection(SolutionProperties) = preSolution
		HideSolutionNode = FALSE
	EndGlobalSection
	GlobalSection(ExtensibilityGlobals) = postSolution
		SolutionGuid = {6997193F-DF69-4A73-BE36-998E735CAD4E}
	EndGlobalSection
EndGlobal
